Microsoft Visual Studio Solution File, Format Version 12.00
# Visual Studio 2012
Project("{FAE04EC0-301F-11D3-BF4B-00C04F79EFBC}") = "Sledge", "Sledge.csproj", "{8C62C180-19BB-4DDF-939D-1AA1C47C845E}"
EndProject
Global
	GlobalSection(SolutionConfigurationPlatforms) = preSolution
	Debug|Any CPU = Debug|Any CPU
	ExportDebug|Any CPU = ExportDebug|Any CPU
	ExportRelease|Any CPU = ExportRelease|Any CPU
	EndGlobalSection
	GlobalSection(ProjectConfigurationPlatforms) = postSolution
		{8C62C180-19BB-4DDF-939D-1AA1C47C845E}.Debug|Any CPU.ActiveCfg = Debug|Any CPU
		{8C62C180-19BB-4DDF-939D-1AA1C47C845E}.Debug|Any CPU.Build.0 = Debug|Any CPU
		{8C62C180-19BB-4DDF-939D-1AA1C47C845E}.ExportDebug|Any CPU.ActiveCfg = ExportDebug|Any CPU
		{8C62C180-19BB-4DDF-939D-1AA1C47C845E}.ExportDebug|Any CPU.Build.0 = ExportDebug|Any CPU
		{8C62C180-19BB-4DDF-939D-1AA1C47C845E}.ExportRelease|Any CPU.ActiveCfg = ExportRelease|Any CPU
		{8C62C180-19BB-4DDF-939D-1AA1C47C845E}.ExportRelease|Any CPU.Build.0 = ExportRelease|Any CPU
	EndGlobalSection
EndGlobal
